
Microsoft Visual Studio Solution File, Format Version 12.00
# Visual Studio Version 16
VisualStudioVersion = 16.0.29503.13
MinimumVisualStudioVersion = 10.0.40219.1
Project("{FAE04EC0-301F-11D3-BF4B-00C04F79EFBC}") = "Visby.Account", "Visby.Account\Visby.Account.csproj", "{6A304432-F361-449D-BDDB-B704B2C28537}"
EndProject
Project("{FAE04EC0-301F-11D3-BF4B-00C04F79EFBC}") = "Visby.Papers", "Visby.Papers\Visby.Papers.csproj", "{45BF4BB8-44B9-479C-9608-DEAECD4973BE}"
EndProject
Project("{FAE04EC0-301F-11D3-BF4B-00C04F79EFBC}") = "Visby.Professors", "Visby.Professors\Visby.Professors.csproj", "{9A755F29-88D5-490D-A386-22ACD1F0D6D0}"
EndProject
Project("{FAE04EC0-301F-11D3-BF4B-00C04F79EFBC}") = "Visby.UserProfile", "Visby.UserProfile\Visby.UserProfile.csproj", "{B421DC71-3B0A-4894-A6C8-A38D5DC08DD0}"
EndProject
Project("{FAE04EC0-301F-11D3-BF4B-00C04F79EFBC}") = "Visby.Result", "Visby.Result\Visby.Result.csproj", "{5C486A82-D0CD-4B29-A005-529CEA332B3F}"
EndProject
Global
	GlobalSection(SolutionConfigurationPlatforms) = preSolution
		Debug|Any CPU = Debug|Any CPU
		Release|Any CPU = Release|Any CPU
	EndGlobalSection
	GlobalSection(ProjectConfigurationPlatforms) = postSolution
		{6A304432-F361-449D-BDDB-B704B2C28537}.Debug|Any CPU.ActiveCfg = Debug|Any CPU
		{6A304432-F361-449D-BDDB-B704B2C28537}.Debug|Any CPU.Build.0 = Debug|Any CPU
		{6A304432-F361-449D-BDDB-B704B2C28537}.Release|Any CPU.ActiveCfg = Release|Any CPU
		{6A304432-F361-449D-BDDB-B704B2C28537}.Release|Any CPU.Build.0 = Release|Any CPU
		{45BF4BB8-44B9-479C-9608-DEAECD4973BE}.Debug|Any CPU.ActiveCfg = Debug|Any CPU
		{45BF4BB8-44B9-479C-9608-DEAECD4973BE}.Debug|Any CPU.Build.0 = Debug|Any CPU
		{45BF4BB8-44B9-479C-9608-DEAECD4973BE}.Release|Any CPU.ActiveCfg = Release|Any CPU
		{45BF4BB8-44B9-479C-9608-DEAECD4973BE}.Release|Any CPU.Build.0 = Release|Any CPU
		{9A755F29-88D5-490D-A386-22ACD1F0D6D0}.Debug|Any CPU.ActiveCfg = Debug|Any CPU
		{9A755F29-88D5-490D-A386-22ACD1F0D6D0}.Debug|Any CPU.Build.0 = Debug|Any CPU
		{9A755F29-88D5-490D-A386-22ACD1F0D6D0}.Release|Any CPU.ActiveCfg = Release|Any CPU
		{9A755F29-88D5-490D-A386-22ACD1F0D6D0}.Release|Any CPU.Build.0 = Release|Any CPU
		{B421DC71-3B0A-4894-A6C8-A38D5DC08DD0}.Debug|Any CPU.ActiveCfg = Debug|Any CPU
		{B421DC71-3B0A-4894-A6C8-A38D5DC08DD0}.Debug|Any CPU.Build.0 = Debug|Any CPU
		{B421DC71-3B0A-4894-A6C8-A38D5DC08DD0}.Release|Any CPU.ActiveCfg = Release|Any CPU
		{B421DC71-3B0A-4894-A6C8-A38D5DC08DD0}.Release|Any CPU.Build.0 = Release|Any CPU
		{5C486A82-D0CD-4B29-A005-529CEA332B3F}.Debug|Any CPU.ActiveCfg = Debug|Any CPU
		{5C486A82-D0CD-4B29-A005-529CEA332B3F}.Debug|Any CPU.Build.0 = Debug|Any CPU
		{5C486A82-D0CD-4B29-A005-529CEA332B3F}.Release|Any CPU.ActiveCfg = Release|Any CPU
		{5C486A82-D0CD-4B29-A005-529CEA332B3F}.Release|Any CPU.Build.0 = Release|Any CPU
	EndGlobalSection
	GlobalSection(SolutionProperties) = preSolution
		HideSolutionNode = FALSE
	EndGlobalSection
	GlobalSection(ExtensibilityGlobals) = postSolution
		SolutionGuid = {ADDB17DD-9A87-4D82-9B76-37E6B74C5009}
	EndGlobalSection
EndGlobal
